
Microsoft Visual Studio Solution File, Format Version 12.00
# Visual Studio Version 16
VisualStudioVersion = 16.0.29509.3
MinimumVisualStudioVersion = 10.0.40219.1
Project("{FAE04EC0-301F-11D3-BF4B-00C04F79EFBC}") = "CityInfo.API", "CityInfo.API.csproj", "{2BFA1C68-2AA1-40B0-86C3-667AB57F123D}"
EndProject
Global
	GlobalSection(SolutionConfigurationPlatforms) = preSolution
		Debug|Any CPU = Debug|Any CPU
		Release|Any CPU = Release|Any CPU
	EndGlobalSection
	GlobalSection(ProjectConfigurationPlatforms) = postSolution
		{2BFA1C68-2AA1-40B0-86C3-667AB57F123D}.Debug|Any CPU.ActiveCfg = Debug|Any CPU
		{2BFA1C68-2AA1-40B0-86C3-667AB57F123D}.Debug|Any CPU.Build.0 = Debug|Any CPU
		{2BFA1C68-2AA1-40B0-86C3-667AB57F123D}.Release|Any CPU.ActiveCfg = Release|Any CPU
		{2BFA1C68-2AA1-40B0-86C3-667AB57F123D}.Release|Any CPU.Build.0 = Release|Any CPU
	EndGlobalSection
	GlobalSection(SolutionProperties) = preSolution
		HideSolutionNode = FALSE
	EndGlobalSection
	GlobalSection(ExtensibilityGlobals) = postSolution
		SolutionGuid = {EED782E2-0948-4B1F-8980-C52245D93F0E}
	EndGlobalSection
EndGlobal
